
Microsoft Visual Studio Solution File, Format Version 12.00
# Visual Studio Version 17
VisualStudioVersion = 17.13.35931.197
MinimumVisualStudioVersion = 10.0.40219.1
Project("{FAE04EC0-301F-11D3-BF4B-00C04F79EFBC}") = "FHIRHealthcareAPI", "FHIRHealthcareAPI\FHIRHealthcareAPI.csproj", "{AFCBF2FD-64DD-4388-B33F-8C5C41CE9F03}"
EndProject
Global
	GlobalSection(SolutionConfigurationPlatforms) = preSolution
		Debug|Any CPU = Debug|Any CPU
		Release|Any CPU = Release|Any CPU
	EndGlobalSection
	GlobalSection(ProjectConfigurationPlatforms) = postSolution
		{AFCBF2FD-64DD-4388-B33F-8C5C41CE9F03}.Debug|Any CPU.ActiveCfg = Debug|Any CPU
		{AFCBF2FD-64DD-4388-B33F-8C5C41CE9F03}.Debug|Any CPU.Build.0 = Debug|Any CPU
		{AFCBF2FD-64DD-4388-B33F-8C5C41CE9F03}.Release|Any CPU.ActiveCfg = Release|Any CPU
		{AFCBF2FD-64DD-4388-B33F-8C5C41CE9F03}.Release|Any CPU.Build.0 = Release|Any CPU
	EndGlobalSection
	GlobalSection(SolutionProperties) = preSolution
		HideSolutionNode = FALSE
	EndGlobalSection
	GlobalSection(ExtensibilityGlobals) = postSolution
		SolutionGuid = {57C13514-8B62-4FCA-9ABB-3E13BEEAD1F0}
	EndGlobalSection
EndGlobal
