{
  "version": 3,
  "targets": {
    "net8.0/ubuntu.24.04-x64": {
      "dotnet-script/1.6.0": {
        "type": "package",
        "tools": {
          "tools/net8.0/any/Dotnet.Script.Core.dll": {},
          "tools/net8.0/any/Dotnet.Script.Core.pdb": {},
          "tools/net8.0/any/Dotnet.Script.DependencyModel.NuGet.dll": {},
          "tools/net8.0/any/Dotnet.Script.DependencyModel.NuGet.pdb": {},
          "tools/net8.0/any/Dotnet.Script.DependencyModel.dll": {},
          "tools/net8.0/any/Dotnet.Script.DependencyModel.pdb": {},
          "tools/net8.0/any/DotnetToolSettings.xml": {},
          "tools/net8.0/any/Gapotchenko.FX.Reflection.Loader.dll": {},
          "tools/net8.0/any/Gapotchenko.FX.dll": {},
          "tools/net8.0/any/McMaster.Extensions.CommandLineUtils.dll": {},
          "tools/net8.0/any/Microsoft.CodeAnalysis.CSharp.Scripting.dll": {},
          "tools/net8.0/any/Microsoft.CodeAnalysis.CSharp.dll": {},
          "tools/net8.0/any/Microsoft.CodeAnalysis.Scripting.dll": {},
          "tools/net8.0/any/Microsoft.CodeAnalysis.dll": {},
          "tools/net8.0/any/Microsoft.DotNet.PlatformAbstractions.dll": {},
          "tools/net8.0/any/Microsoft.Extensions.Configuration.Abstractions.dll": {},
          "tools/net8.0/any/Microsoft.Extensions.Configuration.Binder.dll": {},
          "tools/net8.0/any/Microsoft.Extensions.Configuration.dll": {},
          "tools/net8.0/any/Microsoft.Extensions.DependencyInjection.Abstractions.dll": {},
          "tools/net8.0/any/Microsoft.Extensions.DependencyInjection.dll": {},
          "tools/net8.0/any/Microsoft.Extensions.Logging.Abstractions.dll": {},
          "tools/net8.0/any/Microsoft.Extensions.Logging.Configuration.dll": {},
          "tools/net8.0/any/Microsoft.Extensions.Logging.Console.dll": {},
          "tools/net8.0/any/Microsoft.Extensions.Logging.dll": {},
          "tools/net8.0/any/Microsoft.Extensions.Options.ConfigurationExtensions.dll": {},
          "tools/net8.0/any/Microsoft.Extensions.Options.dll": {},
          "tools/net8.0/any/Microsoft.Extensions.Primitives.dll": {},
          "tools/net8.0/any/Newtonsoft.Json.dll": {},
          "tools/net8.0/any/NuGet.Common.dll": {},
          "tools/net8.0/any/NuGet.Configuration.dll": {},
          "tools/net8.0/any/NuGet.DependencyResolver.Core.dll": {},
          "tools/net8.0/any/NuGet.Frameworks.dll": {},
          "tools/net8.0/any/NuGet.LibraryModel.dll": {},
          "tools/net8.0/any/NuGet.Packaging.dll": {},
          "tools/net8.0/any/NuGet.ProjectModel.dll": {},
          "tools/net8.0/any/NuGet.Protocol.dll": {},
          "tools/net8.0/any/NuGet.Versioning.dll": {},
          "tools/net8.0/any/ReadLine.dll": {},
          "tools/net8.0/any/System.Security.Cryptography.Pkcs.dll": {},
          "tools/net8.0/any/System.Security.Cryptography.ProtectedData.dll": {},
          "tools/net8.0/any/cs/Microsoft.CodeAnalysis.CSharp.Scripting.resources.dll": {},
          "tools/net8.0/any/cs/Microsoft.CodeAnalysis.CSharp.resources.dll": {},
          "tools/net8.0/any/cs/Microsoft.CodeAnalysis.Scripting.resources.dll": {},
          "tools/net8.0/any/cs/Microsoft.CodeAnalysis.resources.dll": {},
          "tools/net8.0/any/de/Microsoft.CodeAnalysis.CSharp.Scripting.resources.dll": {},
          "tools/net8.0/any/de/Microsoft.CodeAnalysis.CSharp.resources.dll": {},
          "tools/net8.0/any/de/Microsoft.CodeAnalysis.Scripting.resources.dll": {},
          "tools/net8.0/any/de/Microsoft.CodeAnalysis.resources.dll": {},
          "tools/net8.0/any/dotnet-script.deps.json": {},
          "tools/net8.0/any/dotnet-script.dll": {},
          "tools/net8.0/any/dotnet-script.pdb": {},
          "tools/net8.0/any/dotnet-script.runtimeconfig.json": {},
          "tools/net8.0/any/es/Microsoft.CodeAnalysis.CSharp.Scripting.resources.dll": {},
          "tools/net8.0/any/es/Microsoft.CodeAnalysis.CSharp.resources.dll": {},
          "tools/net8.0/any/es/Microsoft.CodeAnalysis.Scripting.resources.dll": {},
          "tools/net8.0/any/es/Microsoft.CodeAnalysis.resources.dll": {},
          "tools/net8.0/any/fr/Microsoft.CodeAnalysis.CSharp.Scripting.resources.dll": {},
          "tools/net8.0/any/fr/Microsoft.CodeAnalysis.CSharp.resources.dll": {},
          "tools/net8.0/any/fr/Microsoft.CodeAnalysis.Scripting.resources.dll": {},
          "tools/net8.0/any/fr/Microsoft.CodeAnalysis.resources.dll": {},
          "tools/net8.0/any/it/Microsoft.CodeAnalysis.CSharp.Scripting.resources.dll": {},
          "tools/net8.0/any/it/Microsoft.CodeAnalysis.CSharp.resources.dll": {},
          "tools/net8.0/any/it/Microsoft.CodeAnalysis.Scripting.resources.dll": {},
          "tools/net8.0/any/it/Microsoft.CodeAnalysis.resources.dll": {},
          "tools/net8.0/any/ja/Microsoft.CodeAnalysis.CSharp.Scripting.resources.dll": {},
          "tools/net8.0/any/ja/Microsoft.CodeAnalysis.CSharp.resources.dll": {},
          "tools/net8.0/any/ja/Microsoft.CodeAnalysis.Scripting.resources.dll": {},
          "tools/net8.0/any/ja/Microsoft.CodeAnalysis.resources.dll": {},
          "tools/net8.0/any/ko/Microsoft.CodeAnalysis.CSharp.Scripting.resources.dll": {},
          "tools/net8.0/any/ko/Microsoft.CodeAnalysis.CSharp.resources.dll": {},
          "tools/net8.0/any/ko/Microsoft.CodeAnalysis.Scripting.resources.dll": {},
          "tools/net8.0/any/ko/Microsoft.CodeAnalysis.resources.dll": {},
          "tools/net8.0/any/pl/Microsoft.CodeAnalysis.CSharp.Scripting.resources.dll": {},
          "tools/net8.0/any/pl/Microsoft.CodeAnalysis.CSharp.resources.dll": {},
          "tools/net8.0/any/pl/Microsoft.CodeAnalysis.Scripting.resources.dll": {},
          "tools/net8.0/any/pl/Microsoft.CodeAnalysis.resources.dll": {},
          "tools/net8.0/any/pt-BR/Microsoft.CodeAnalysis.CSharp.Scripting.resources.dll": {},
          "tools/net8.0/any/pt-BR/Microsoft.CodeAnalysis.CSharp.resources.dll": {},
          "tools/net8.0/any/pt-BR/Microsoft.CodeAnalysis.Scripting.resources.dll": {},
          "tools/net8.0/any/pt-BR/Microsoft.CodeAnalysis.resources.dll": {},
          "tools/net8.0/any/ru/Microsoft.CodeAnalysis.CSharp.Scripting.resources.dll": {},
          "tools/net8.0/any/ru/Microsoft.CodeAnalysis.CSharp.resources.dll": {},
          "tools/net8.0/any/ru/Microsoft.CodeAnalysis.Scripting.resources.dll": {},
          "tools/net8.0/any/ru/Microsoft.CodeAnalysis.resources.dll": {},
          "tools/net8.0/any/runtimes/win/lib/net6.0/System.Security.Cryptography.Pkcs.dll": {},
          "tools/net8.0/any/runtimes/win/lib/netstandard2.0/System.Security.Cryptography.ProtectedData.dll": {},
          "tools/net8.0/any/tr/Microsoft.CodeAnalysis.CSharp.Scripting.resources.dll": {},
          "tools/net8.0/any/tr/Microsoft.CodeAnalysis.CSharp.resources.dll": {},
          "tools/net8.0/any/tr/Microsoft.CodeAnalysis.Scripting.resources.dll": {},
          "tools/net8.0/any/tr/Microsoft.CodeAnalysis.resources.dll": {},
          "tools/net8.0/any/zh-Hans/Microsoft.CodeAnalysis.CSharp.Scripting.resources.dll": {},
          "tools/net8.0/any/zh-Hans/Microsoft.CodeAnalysis.CSharp.resources.dll": {},
          "tools/net8.0/any/zh-Hans/Microsoft.CodeAnalysis.Scripting.resources.dll": {},
          "tools/net8.0/any/zh-Hans/Microsoft.CodeAnalysis.resources.dll": {},
          "tools/net8.0/any/zh-Hant/Microsoft.CodeAnalysis.CSharp.Scripting.resources.dll": {},
          "tools/net8.0/any/zh-Hant/Microsoft.CodeAnalysis.CSharp.resources.dll": {},
          "tools/net8.0/any/zh-Hant/Microsoft.CodeAnalysis.Scripting.resources.dll": {},
          "tools/net8.0/any/zh-Hant/Microsoft.CodeAnalysis.resources.dll": {}
        }
      }
    }
  },
  "libraries": {},
  "projectFileDependencyGroups": {}
}